
Microsoft Visual Studio Solution File, Format Version 12.00
# Visual Studio 14
VisualStudioVersion = 14.0.25420.1
MinimumVisualStudioVersion = 10.0.40219.1
Project("{2150E333-8FDC-42A3-9474-1A3956D46DE8}") = "src", "src", "{24FE24EA-3136-4F9B-A299-D4D7DF4700D2}"
EndProject
Project("{2150E333-8FDC-42A3-9474-1A3956D46DE8}") = "Solution Items", "Solution Items", "{9B6066DD-0EFA-47AA-8108-F74E6DD5B075}"
	ProjectSection(SolutionItems) = preProject
		global.json = global.json
	EndProjectSection
EndProject
Project("{8BB2217D-0F2D-49D1-97BC-3654ED321F3B}") = "chat_server", "src\chat_server\chat_server.xproj", "{FF4C2AA0-60B2-4F59-8E51-0DE5FFFBA890}"
EndProject
Global
	GlobalSection(SolutionConfigurationPlatforms) = preSolution
		Debug|Any CPU = Debug|Any CPU
		Release|Any CPU = Release|Any CPU
	EndGlobalSection
	GlobalSection(ProjectConfigurationPlatforms) = postSolution
		{FF4C2AA0-60B2-4F59-8E51-0DE5FFFBA890}.Debug|Any CPU.ActiveCfg = Debug|Any CPU
		{FF4C2AA0-60B2-4F59-8E51-0DE5FFFBA890}.Debug|Any CPU.Build.0 = Debug|Any CPU
		{FF4C2AA0-60B2-4F59-8E51-0DE5FFFBA890}.Release|Any CPU.ActiveCfg = Release|Any CPU
		{FF4C2AA0-60B2-4F59-8E51-0DE5FFFBA890}.Release|Any CPU.Build.0 = Release|Any CPU
	EndGlobalSection
	GlobalSection(SolutionProperties) = preSolution
		HideSolutionNode = FALSE
	EndGlobalSection
	GlobalSection(NestedProjects) = preSolution
		{FF4C2AA0-60B2-4F59-8E51-0DE5FFFBA890} = {24FE24EA-3136-4F9B-A299-D4D7DF4700D2}
	EndGlobalSection
EndGlobal
